
Microsoft Visual Studio Solution File, Format Version 12.00
# Visual Studio Version 17
VisualStudioVersion = 17.9.34728.123
MinimumVisualStudioVersion = 10.0.40219.1
Project("{1CDF08F3-AD55-4455-A080-82FE9AC069C8}") = "Image Logger", "Image-Logger.csproj", "{638F7971-8BB8-49B4-999C-C2018E66AEA8}"
EndProject
Global
	GlobalSection(SolutionConfigurationPlatforms) = preSolution
		Debug|Any CPU = Debug|Any CPU
		Release|Any CPU = Release|Any CPU
	EndGlobalSection
	GlobalSection(ProjectConfigurationPlatforms) = postSolution
		{638F7971-8BB8-49B4-999C-C2018E66AEA8}.Debug|Any CPU.ActiveCfg = Debug|Any CPU
		{638F7971-8BB8-49B4-999C-C2018E66AEA8}.Debug|Any CPU.Build.0 = Debug|Any CPU
		{638F7971-8BB8-49B4-999C-C2018E66AEA8}.Release|Any CPU.ActiveCfg = Release|Any CPU
		{638F7971-8BB8-49B4-999C-C2018E66AEA8}.Release|Any CPU.Build.0 = Release|Any CPU
	EndGlobalSection
	GlobalSection(SolutionProperties) = preSolution
		HideSolutionNode = FALSE
	EndGlobalSection
	GlobalSection(ExtensibilityGlobals) = postSolution
		SolutionGuid = {D58B03B8-D9F4-46E3-B1D7-51E219B7D496}
	EndGlobalSection
EndGlobal
